<?xml version="1.0" encoding="utf-8"?>
<Project ToolsVersion="4.0" xmlns="http://schemas.microsoft.com/developer/msbuild/2003">
  <ItemGroup>
    <Filter Include="Source Files">
      <UniqueIdentifier>{4FC737F1-C7A5-4376-A066-2A32D752A2FF}</UniqueIdentifier>
      <Extensions>cpp;c;cc;cxx;c++;cppm;ixx;def;odl;idl;hpj;bat;asm;asmx</Extensions>
    </Filter>
    <Filter Include="Header Files">
      <UniqueIdentifier>{93995380-89BD-4b04-88EB-625FBE52EBFB}</UniqueIdentifier>
      <Extensions>h;hh;hpp;hxx;h++;hm;inl;inc;ipp;xsd</Extensions>
    </Filter>
    <Filter Include="Resource Files">
      <UniqueIdentifier>{67DA6AB6-F800-4c08-8B7A-83BB121AAD01}</UniqueIdentifier>
      <Extensions>rc;ico;cur;bmp;dlg;rc2;rct;bin;rgs;gif;jpg;jpeg;jpe;resx;tiff;tif;png;wav;mfcribbon-ms</Extensions>
    </Filter>
    <Filter Include="Source Files\algorithm">
      <UniqueIdentifier>{c67ec613-682f-4715-931f-b7e959896807}</UniqueIdentifier>
    </Filter>
    <Filter Include="Source Files\visualization">
      <UniqueIdentifier>{bddf45a3-b4d6-4947-91d2-21bda27d9e61}</UniqueIdentifier>
    </Filter>
  </ItemGroup>
  <ItemGroup>
    <ClCompile Include="CPPNoiseGenerator\algorithm\Noise.cpp">
      <Filter>Source Files\algorithm</Filter>
    </ClCompile>
    <ClCompile Include="CPPNoiseGenerator\algorithm\PatchData.cpp">
      <Filter>Source Files\algorithm</Filter>
    </ClCompile>
    <ClCompile Include="CPPNoiseGenerator.cpp">
      <Filter>Source Files</Filter>
    </ClCompile>
    <ClCompile Include="CPPNoiseGenerator\visualization\MeshProcessor.cpp">
      <Filter>Source Files\visualization</Filter>
    </ClCompile>
  </ItemGroup>
  <ItemGroup>
    <ClInclude Include="CPPNoiseGenerator\algorithm\Mesh.h">
      <Filter>Source Files\algorithm</Filter>
    </ClInclude>
    <ClInclude Include="CPPNoiseGenerator\algorithm\Noise.h">
      <Filter>Source Files\algorithm</Filter>
    </ClInclude>
    <ClInclude Include="CPPNoiseGenerator\algorithm\PatchData.h">
      <Filter>Source Files\algorithm</Filter>
    </ClInclude>
    <ClInclude Include="CPPNoiseGenerator\visualization\dirent.h">
      <Filter>Source Files\visualization</Filter>
    </ClInclude>
    <ClInclude Include="CPPNoiseGenerator.h">
      <Filter>Header Files</Filter>
    </ClInclude>
    <ClInclude Include="CPPNoiseGenerator\visualization\MeshProcessor.h">
      <Filter>Source Files\visualization</Filter>
    </ClInclude>
  </ItemGroup>
</Project>